Microsoft Visual Studio Solution File, Format Version 12.00
# Visual Studio Version 17
VisualStudioVersion = 17.5.2.0
MinimumVisualStudioVersion = 10.0.40219.1
Project("{FAE04EC0-301F-11D3-BF4B-00C04F79EFBC}") = "MongoConnectionDiagnostic", "MongoConnectionDiagnostic.csproj", "{2E2889DA-8345-7A7E-8134-5027D272FFFF}"
EndProject
Global
	GlobalSection(SolutionConfigurationPlatforms) = preSolution
		Debug|Any CPU = Debug|Any CPU
		Release|Any CPU = Release|Any CPU
	EndGlobalSection
	GlobalSection(ProjectConfigurationPlatforms) = postSolution
		{2E2889DA-8345-7A7E-8134-5027D272FFFF}.Debug|Any CPU.ActiveCfg = Debug|Any CPU
		{2E2889DA-8345-7A7E-8134-5027D272FFFF}.Debug|Any CPU.Build.0 = Debug|Any CPU
		{2E2889DA-8345-7A7E-8134-5027D272FFFF}.Release|Any CPU.ActiveCfg = Release|Any CPU
		{2E2889DA-8345-7A7E-8134-5027D272FFFF}.Release|Any CPU.Build.0 = Release|Any CPU
	EndGlobalSection
	GlobalSection(SolutionProperties) = preSolution
		HideSolutionNode = FALSE
	EndGlobalSection
	GlobalSection(ExtensibilityGlobals) = postSolution
		SolutionGuid = {BF79B28D-6FC5-4471-B4CB-1283C4675872}
	EndGlobalSection
EndGlobal
